// !$*UTF8*$!
{
	archiveVersion = 1;
	classes = {
	};
	objectVersion = 46;
	objects = {

/* Begin PBXBuildFile section */
		FAE36CDD197FC775003DFF41 /* Foundation.framework in Frameworks */ = {isa = PBXBuildFile; fileRef = FAE36CDC197FC775003DFF41 /* Foundation.framework */; };
		FAE36CDF197FC775003DFF41 /* CoreGraphics.framework in Frameworks */ = {isa = PBXBuildFile; fileRef = FAE36CDE197FC775003DFF41 /* CoreGraphics.framework */; };
		FAE36CE1197FC775003DFF41 /* UIKit.framework in Frameworks */ = {isa = PBXBuildFile; fileRef = FAE36CE0197FC775003DFF41 /* UIKit.framework */; };
		FAE36CE7197FC775003DFF41 /* InfoPlist.strings in Resources */ = {isa = PBXBuildFile; fileRef = FAE36CE5197FC775003DFF41 /* InfoPlist.strings */; };
		FAE36CE9197FC775003DFF41 /* main.m in Sources */ = {isa = PBXBuildFile; fileRef = FAE36CE8197FC775003DFF41 /* main.m */; };
		FAE36CED197FC775003DFF41 /* GEOAppDelegate.m in Sources */ = {isa = PBXBuildFile; fileRef = FAE36CEC197FC775003DFF41 /* GEOAppDelegate.m */; };
		FAE36CF0197FC775003DFF41 /* Main_iPhone.storyboard in Resources */ = {isa = PBXBuildFile; fileRef = FAE36CEE197FC775003DFF41 /* Main_iPhone.storyboard */; };
		FAE36CF3197FC775003DFF41 /* Main_iPad.storyboard in Resources */ = {isa = PBXBuildFile; fileRef = FAE36CF1197FC775003DFF41 /* Main_iPad.storyboard */; };
		FAE36CF6197FC775003DFF41 /* GEOViewController.m in Sources */ = {isa = PBXBuildFile; fileRef = FAE36CF5197FC775003DFF41 /* GEOViewController.m */; };
		FAE36CF8197FC775003DFF41 /* Images.xcassets in Resources */ = {isa = PBXBuildFile; fileRef = FAE36CF7197FC775003DFF41 /* Images.xcassets */; };
		FAE36CFF197FC775003DFF41 /* XCTest.framework in Frameworks */ = {isa = PBXBuildFile; fileRef = FAE36CFE197FC775003DFF41 /* XCTest.framework */; };
		FAE36D00197FC775003DFF41 /* Foundation.framework in Frameworks */ = {isa = PBXBuildFile; fileRef = FAE36CDC197FC775003DFF41 /* Foundation.framework */; };
		FAE36D01197FC775003DFF41 /* UIKit.framework in Frameworks */ = {isa = PBXBuildFile; fileRef = FAE36CE0197FC775003DFF41 /* UIKit.framework */; };
		FAE36D09197FC775003DFF41 /* InfoPlist.strings in Resources */ = {isa = PBXBuildFile; fileRef = FAE36D07197FC775003DFF41 /* InfoPlist.strings */; };
		FAE36D0B197FC775003DFF41 /* GeoTests.m in Sources */ = {isa = PBXBuildFile; fileRef = FAE36D0A197FC775003DFF41 /* GeoTests.m */; };
/* End PBXBuildFile section */

/* Begin PBXContainerItemProxy section */
		FAE36D02197FC775003DFF41 /* PBXContainerItemProxy */ = {
			isa = PBXContainerItemProxy;
			containerPortal = FAE36CD1197FC775003DFF41 /* Project object */;
			proxyType = 1;
			remoteGlobalIDString = FAE36CD8197FC775003DFF41;
			remoteInfo = Geo;
		};
/* End PBXContainerItemProxy section */

/* Begin PBXFileReference section */
		FAE36CD9197FC775003DFF41 /* Geo.app */ = {isa = PBXFileReference; explicitFileType = wrapper.application; includeInIndex = 0; path = Geo.app; sourceTree = BUILT_PRODUCTS_DIR; };
		FAE36CDC197FC775003DFF41 /* Foundation.framework */ = {isa = PBXFileReference; lastKnownFileType = wrapper.framework; name = Foundation.framework; path = System/Library/Frameworks/Foundation.framework; sourceTree = SDKROOT; };
		FAE36CDE197FC775003DFF41 /* CoreGraphics.framework */ = {isa = PBXFileReference; lastKnownFileType = wrapper.framework; name = CoreGraphics.framework; path = System/Library/Frameworks/CoreGraphics.framework; sourceTree = SDKROOT; };
		FAE36CE0197FC775003DFF41 /* UIKit.framework */ = {isa = PBXFileReference; lastKnownFileType = wrapper.framework; name = UIKit.framework; path = System/Library/Frameworks/UIKit.framework; sourceTree = SDKROOT; };
		FAE36CE4197FC775003DFF41 /* Geo-Info.plist */ = {isa = PBXFileReference; lastKnownFileType = text.plist.xml; path = "Geo-Info.plist"; sourceTree = "<group>"; };
		FAE36CE6197FC775003DFF41 /* en */ = {isa = PBXFileReference; lastKnownFileType = text.plist.strings; name = en; path = en.lproj/InfoPlist.strings; sourceTree = "<group>"; };
		FAE36CE8197FC775003DFF41 /* main.m */ = {isa = PBXFileReference; lastKnownFileType = sourcecode.c.objc; path = main.m; sourceTree = "<group>"; };
		FAE36CEA197FC775003DFF41 /* Geo-Prefix.pch */ = {isa = PBXFileReference; lastKnownFileType = sourcecode.c.h; path = "Geo-Prefix.pch"; sourceTree = "<group>"; };
		FAE36CEB197FC775003DFF41 /* GEOAppDelegate.h */ = {isa = PBXFileReference; lastKnownFileType = sourcecode.c.h; path = GEOAppDelegate.h; sourceTree = "<group>"; };
		FAE36CEC197FC775003DFF41 /* GEOAppDelegate.m */ = {isa = PBXFileReference; lastKnownFileType = sourcecode.c.objc; path = GEOAppDelegate.m; sourceTree = "<group>"; };
		FAE36CEF197FC775003DFF41 /* Base */ = {isa = PBXFileReference; lastKnownFileType = file.storyboard; name = Base; path = Base.lproj/Main_iPhone.storyboard; sourceTree = "<group>"; };
		FAE36CF2197FC775003DFF41 /* Base */ = {isa = PBXFileReference; lastKnownFileType = file.storyboard; name = Base; path = Base.lproj/Main_iPad.storyboard; sourceTree = "<group>"; };
		FAE36CF4197FC775003DFF41 /* GEOViewController.h */ = {isa = PBXFileReference; lastKnownFileType = sourcecode.c.h; path = GEOViewController.h; sourceTree = "<group>"; };
		FAE36CF5197FC775003DFF41 /* GEOViewController.m */ = {isa = PBXFileReference; lastKnownFileType = sourcecode.c.objc; path = GEOViewController.m; sourceTree = "<group>"; };
		FAE36CF7197FC775003DFF41 /* Images.xcassets */ = {isa = PBXFileReference; lastKnownFileType = folder.assetcatalog; path = Images.xcassets; sourceTree = "<group>"; };
		FAE36CFD197FC775003DFF41 /* GeoTests.xctest */ = {isa = PBXFileReference; explicitFileType = wrapper.cfbundle; includeInIndex = 0; path = GeoTests.xctest; sourceTree = BUILT_PRODUCTS_DIR; };
		FAE36CFE197FC775003DFF41 /* XCTest.framework */ = {isa = PBXFileReference; lastKnownFileType = wrapper.framework; name = XCTest.framework; path = Library/Frameworks/XCTest.framework; sourceTree = DEVELOPER_DIR; };
		FAE36D06197FC775003DFF41 /* GeoTests-Info.plist */ = {isa = PBXFileReference; lastKnownFileType = text.plist.xml; path = "GeoTests-Info.plist"; sourceTree = "<group>"; };
		FAE36D08197FC775003DFF41 /* en */ = {isa = PBXFileReference; lastKnownFileType = text.plist.strings; name = en; path = en.lproj/InfoPlist.strings; sourceTree = "<group>"; };
		FAE36D0A197FC775003DFF41 /* GeoTests.m */ = {isa = PBXFileReference; lastKnownFileType = sourcecode.c.objc; path = GeoTests.m; sourceTree = "<group>"; };
/* End PBXFileReference section */

/* Begin PBXFrameworksBuildPhase section */
		FAE36CD6197FC775003DFF41 /* Frameworks */ = {
			isa = PBXFrameworksBuildPhase;
			buildActionMask = 2147483647;
			files = (
				FAE36CDF197FC775003DFF41 /* CoreGraphics.framework in Frameworks */,
				FAE36CE1197FC775003DFF41 /* UIKit.framework in Frameworks */,
				FAE36CDD197FC775003DFF41 /* Foundation.framework in Frameworks */,
			);
			runOnlyForDeploymentPostprocessing = 0;
		};
		FAE36CFA197FC775003DFF41 /* Frameworks */ = {
			isa = PBXFrameworksBuildPhase;
			buildActionMask = 2147483647;
			files = (
				FAE36CFF197FC775003DFF41 /* XCTest.framework in Frameworks */,
				FAE36D01197FC775003DFF41 /* UIKit.framework in Frameworks */,
				FAE36D00197FC775003DFF41 /* Foundation.framework in Frameworks */,
			);
			runOnlyForDeploymentPostprocessing = 0;
		};
/* End PBXFrameworksBuildPhase section */

/* Begin PBXGroup section */
		FAE36CD0197FC775003DFF41 = {
			isa = PBXGroup;
			children = (
				FAE36CE2197FC775003DFF41 /* Geo */,
				FAE36D04197FC775003DFF41 /* GeoTests */,
				FAE36CDB197FC775003DFF41 /* Frameworks */,
				FAE36CDA197FC775003DFF41 /* Products */,
			);
			sourceTree = "<group>";
		};
		FAE36CDA197FC775003DFF41 /* Products */ = {
			isa = PBXGroup;
			children = (
				FAE36CD9197FC775003DFF41 /* Geo.app */,
				FAE36CFD197FC775003DFF41 /* GeoTests.xctest */,
			);
			name = Products;
			sourceTree = "<group>";
		};
		FAE36CDB197FC775003DFF41 /* Frameworks */ = {
			isa = PBXGroup;
			children = (
				FAE36CDC197FC775003DFF41 /* Foundation.framework */,
				FAE36CDE197FC775003DFF41 /* CoreGraphics.framework */,
				FAE36CE0197FC775003DFF41 /* UIKit.framework */,
				FAE36CFE197FC775003DFF41 /* XCTest.framework */,
			);
			name = Frameworks;
			sourceTree = "<group>";
		};
		FAE36CE2197FC775003DFF41 /* Geo */ = {
			isa = PBXGroup;
			children = (
				FAE36CEB197FC775003DFF41 /* GEOAppDelegate.h */,
				FAE36CEC197FC775003DFF41 /* GEOAppDelegate.m */,
				FAE36CEE197FC775003DFF41 /* Main_iPhone.storyboard */,
				FAE36CF1197FC775003DFF41 /* Main_iPad.storyboard */,
				FAE36CF4197FC775003DFF41 /* GEOViewController.h */,
				FAE36CF5197FC775003DFF41 /* GEOViewController.m */,
				FAE36CF7197FC775003DFF41 /* Images.xcassets */,
				FAE36CE3197FC775003DFF41 /* Supporting Files */,
			);
			path = Geo;
			sourceTree = "<group>";
		};
		FAE36CE3197FC775003DFF41 /* Supporting Files */ = {
			isa = PBXGroup;
			children = (
				FAE36CE4197FC775003DFF41 /* Geo-Info.plist */,
				FAE36CE5197FC775003DFF41 /* InfoPlist.strings */,
				FAE36CE8197FC775003DFF41 /* main.m */,
				FAE36CEA197FC775003DFF41 /* Geo-Prefix.pch */,
			);
			name = "Supporting Files";
			sourceTree = "<group>";
		};
		FAE36D04197FC775003DFF41 /* GeoTests */ = {
			isa = PBXGroup;
			children = (
				FAE36D0A197FC775003DFF41 /* GeoTests.m */,
				FAE36D05197FC775003DFF41 /* Supporting Files */,
			);
			path = GeoTests;
			sourceTree = "<group>";
		};
		FAE36D05197FC775003DFF41 /* Supporting Files */ = {
			isa = PBXGroup;
			children = (
				FAE36D06197FC775003DFF41 /* GeoTests-Info.plist */,
				FAE36D07197FC775003DFF41 /* InfoPlist.strings */,
			);
			name = "Supporting Files";
			sourceTree = "<group>";
		};
/* End PBXGroup section */

/* Begin PBXNativeTarget section */
		FAE36CD8197FC775003DFF41 /* Geo */ = {
			isa = PBXNativeTarget;
			buildConfigurationList = FAE36D0E197FC775003DFF41 /* Build configuration list for PBXNativeTarget "Geo" */;
			buildPhases = (
				FAE36CD5197FC775003DFF41 /* Sources */,
				FAE36CD6197FC775003DFF41 /* Frameworks */,
				FAE36CD7197FC775003DFF41 /* Resources */,
			);
			buildRules = (
			);
			dependencies = (
			);
			name = Geo;
			productName = Geo;
			productReference = FAE36CD9197FC775003DFF41 /* Geo.app */;
			productType = "com.apple.product-type.application";
		};
		FAE36CFC197FC775003DFF41 /* GeoTests */ = {
			isa = PBXNativeTarget;
			buildConfigurationList = FAE36D11197FC775003DFF41 /* Build configuration list for PBXNativeTarget "GeoTests" */;
			buildPhases = (
				FAE36CF9197FC775003DFF41 /* Sources */,
				FAE36CFA197FC775003DFF41 /* Frameworks */,
				FAE36CFB197FC775003DFF41 /* Resources */,
			);
			buildRules = (
			);
			dependencies = (
				FAE36D03197FC775003DFF41 /* PBXTargetDependency */,
			);
			name = GeoTests;
			productName = GeoTests;
			productReference = FAE36CFD197FC775003DFF41 /* GeoTests.xctest */;
			productType = "com.apple.product-type.bundle.unit-test";
		};
/* End PBXNativeTarget section */

/* Begin PBXProject section */
		FAE36CD1197FC775003DFF41 /* Project object */ = {
			isa = PBXProject;
			attributes = {
				CLASSPREFIX = GEO;
				LastUpgradeCheck = 0510;
				ORGANIZATIONNAME = glesiak;
				TargetAttributes = {
					FAE36CFC197FC775003DFF41 = {
						TestTargetID = FAE36CD8197FC775003DFF41;
					};
				};
			};
			buildConfigurationList = FAE36CD4197FC775003DFF41 /* Build configuration list for PBXProject "Geo" */;
			compatibilityVersion = "Xcode 3.2";
			developmentRegion = English;
			hasScannedForEncodings = 0;
			knownRegions = (
				en,
				Base,
			);
			mainGroup = FAE36CD0197FC775003DFF41;
			productRefGroup = FAE36CDA197FC775003DFF41 /* Products */;
			projectDirPath = "";
			projectRoot = "";
			targets = (
				FAE36CD8197FC775003DFF41 /* Geo */,
				FAE36CFC197FC775003DFF41 /* GeoTests */,
			);
		};
/* End PBXProject section */

/* Begin PBXResourcesBuildPhase section */
		FAE36CD7197FC775003DFF41 /* Resources */ = {
			isa = PBXResourcesBuildPhase;
			buildActionMask = 2147483647;
			files = (
				FAE36CF3197FC775003DFF41 /* Main_iPad.storyboard in Resources */,
				FAE36CF8197FC775003DFF41 /* Images.xcassets in Resources */,
				FAE36CF0197FC775003DFF41 /* Main_iPhone.storyboard in Resources */,
				FAE36CE7197FC775003DFF41 /* InfoPlist.strings in Resources */,
			);
			runOnlyForDeploymentPostprocessing = 0;
		};
		FAE36CFB197FC775003DFF41 /* Resources */ = {
			isa = PBXResourcesBuildPhase;
			buildActionMask = 2147483647;
			files = (
				FAE36D09197FC775003DFF41 /* InfoPlist.strings in Resources */,
			);
			runOnlyForDeploymentPostprocessing = 0;
		};
/* End PBXResourcesBuildPhase section */

/* Begin PBXSourcesBuildPhase section */
		FAE36CD5197FC775003DFF41 /* Sources */ = {
			isa = PBXSourcesBuildPhase;
			buildActionMask = 2147483647;
			files = (
				FAE36CF6197FC775003DFF41 /* GEOViewController.m in Sources */,
				FAE36CED197FC775003DFF41 /* GEOAppDelegate.m in Sources */,
				FAE36CE9197FC775003DFF41 /* main.m in Sources */,
			);
			runOnlyForDeploymentPostprocessing = 0;
		};
		FAE36CF9197FC775003DFF41 /* Sources */ = {
			isa = PBXSourcesBuildPhase;
			buildActionMask = 2147483647;
			files = (
				FAE36D0B197FC775003DFF41 /* GeoTests.m in Sources */,
			);
			runOnlyForDeploymentPostprocessing = 0;
		};
/* End PBXSourcesBuildPhase section */

/* Begin PBXTargetDependency section */
		FAE36D03197FC775003DFF41 /* PBXTargetDependency */ = {
			isa = PBXTargetDependency;
			target = FAE36CD8197FC775003DFF41 /* Geo */;
			targetProxy = FAE36D02197FC775003DFF41 /* PBXContainerItemProxy */;
		};
/* End PBXTargetDependency section */

/* Begin PBXVariantGroup section */
		FAE36CE5197FC775003DFF41 /* InfoPlist.strings */ = {
			isa = PBXVariantGroup;
			children = (
				FAE36CE6197FC775003DFF41 /* en */,
			);
			name = InfoPlist.strings;
			sourceTree = "<group>";
		};
		FAE36CEE197FC775003DFF41 /* Main_iPhone.storyboard */ = {
			isa = PBXVariantGroup;
			children = (
				FAE36CEF197FC775003DFF41 /* Base */,
			);
			name = Main_iPhone.storyboard;
			sourceTree = "<group>";
		};
		FAE36CF1197FC775003DFF41 /* Main_iPad.storyboard */ = {
			isa = PBXVariantGroup;
			children = (
				FAE36CF2197FC775003DFF41 /* Base */,
			);
			name = Main_iPad.storyboard;
			sourceTree = "<group>";
		};
		FAE36D07197FC775003DFF41 /* InfoPlist.strings */ = {
			isa = PBXVariantGroup;
			children = (
				FAE36D08197FC775003DFF41 /* en */,
			);
			name = InfoPlist.strings;
			sourceTree = "<group>";
		};
/* End PBXVariantGroup section */

/* Begin XCBuildConfiguration section */
		FAE36D0C197FC775003DFF41 /* Debug */ = {
			isa = XCBuildConfiguration;
			buildSettings = {
				ALWAYS_SEARCH_USER_PATHS = NO;
				CLANG_CXX_LANGUAGE_STANDARD = "gnu++0x";
				CLANG_CXX_LIBRARY = "libc++";
				CLANG_ENABLE_MODULES = YES;
				CLANG_ENABLE_OBJC_ARC = YES;
				CLANG_WARN_BOOL_CONVERSION = YES;
				CLANG_WARN_CONSTANT_CONVERSION = YES;
				CLANG_WARN_DIRECT_OBJC_ISA_USAGE = YES_ERROR;
				CLANG_WARN_EMPTY_BODY = YES;
				CLANG_WARN_ENUM_CONVERSION = YES;
				CLANG_WARN_INT_CONVERSION = YES;
				CLANG_WARN_OBJC_ROOT_CLASS = YES_ERROR;
				CLANG_WARN__DUPLICATE_METHOD_MATCH = YES;
				"CODE_SIGN_IDENTITY[sdk=iphoneos*]" = "iPhone Developer";
				COPY_PHASE_STRIP = NO;
				GCC_C_LANGUAGE_STANDARD = gnu99;
				GCC_DYNAMIC_NO_PIC = NO;
				GCC_OPTIMIZATION_LEVEL = 0;
				GCC_PREPROCESSOR_DEFINITIONS = (
					"DEBUG=1",
					"$(inherited)",
				);
				GCC_SYMBOLS_PRIVATE_EXTERN = NO;
				GCC_WARN_64_TO_32_BIT_CONVERSION = YES;
				GCC_WARN_ABOUT_RETURN_TYPE = YES_ERROR;
				GCC_WARN_UNDECLARED_SELECTOR = YES;
				GCC_WARN_UNINITIALIZED_AUTOS = YES_AGGRESSIVE;
				GCC_WARN_UNUSED_FUNCTION = YES;
				GCC_WARN_UNUSED_VARIABLE = YES;
				IPHONEOS_DEPLOYMENT_TARGET = 7.1;
				ONLY_ACTIVE_ARCH = YES;
				SDKROOT = iphoneos;
				TARGETED_DEVICE_FAMILY = "1,2";
			};
			name = Debug;
		};
		FAE36D0D197FC775003DFF41 /* Release */ = {
			isa = XCBuildConfiguration;
			buildSettings = {
				ALWAYS_SEARCH_USER_PATHS = NO;
				CLANG_CXX_LANGUAGE_STANDARD = "gnu++0x";
				CLANG_CXX_LIBRARY = "libc++";
				CLANG_ENABLE_MODULES = YES;
				CLANG_ENABLE_OBJC_ARC = YES;
				CLANG_WARN_BOOL_CONVERSION = YES;
				CLANG_WARN_CONSTANT_CONVERSION = YES;
				CLANG_WARN_DIRECT_OBJC_ISA_USAGE = YES_ERROR;
				CLANG_WARN_EMPTY_BODY = YES;
				CLANG_WARN_ENUM_CONVERSION = YES;
				CLANG_WARN_INT_CONVERSION = YES;
				CLANG_WARN_OBJC_ROOT_CLASS = YES_ERROR;
				CLANG_WARN__DUPLICATE_METHOD_MATCH = YES;
				"CODE_SIGN_IDENTITY[sdk=iphoneos*]" = "iPhone Developer";
				COPY_PHASE_STRIP = YES;
				ENABLE_NS_ASSERTIONS = NO;
				GCC_C_LANGUAGE_STANDARD = gnu99;
				GCC_WARN_64_TO_32_BIT_CONVERSION = YES;
				GCC_WARN_ABOUT_RETURN_TYPE = YES_ERROR;
				GCC_WARN_UNDECLARED_SELECTOR = YES;
				GCC_WARN_UNINITIALIZED_AUTOS = YES_AGGRESSIVE;
				GCC_WARN_UNUSED_FUNCTION = YES;
				GCC_WARN_UNUSED_VARIABLE = YES;
				IPHONEOS_DEPLOYMENT_TARGET = 7.1;
				SDKROOT = iphoneos;
				TARGETED_DEVICE_FAMILY = "1,2";
				VALIDATE_PRODUCT = YES;
			};
			name = Release;
		};
		FAE36D0F197FC775003DFF41 /* Debug */ = {
			isa = XCBuildConfiguration;
			buildSettings = {
				ASSETCATALOG_COMPILER_APPICON_NAME = AppIcon;
				ASSETCATALOG_COMPILER_LAUNCHIMAGE_NAME = LaunchImage;
				GCC_PRECOMPILE_PREFIX_HEADER = YES;
				GCC_PREFIX_HEADER = "Geo/Geo-Prefix.pch";
				INFOPLIST_FILE = "Geo/Geo-Info.plist";
				PRODUCT_NAME = "$(TARGET_NAME)";
				WRAPPER_EXTENSION = app;
			};
			name = Debug;
		};
		FAE36D10197FC775003DFF41 /* Release */ = {
			isa = XCBuildConfiguration;
			buildSettings = {
				ASSETCATALOG_COMPILER_APPICON_NAME = AppIcon;
				ASSETCATALOG_COMPILER_LAUNCHIMAGE_NAME = LaunchImage;
				GCC_PRECOMPILE_PREFIX_HEADER = YES;
				GCC_PREFIX_HEADER = "Geo/Geo-Prefix.pch";
				INFOPLIST_FILE = "Geo/Geo-Info.plist";
				PRODUCT_NAME = "$(TARGET_NAME)";
				WRAPPER_EXTENSION = app;
			};
			name = Release;
		};
		FAE36D12197FC775003DFF41 /* Debug */ = {
			isa = XCBuildConfiguration;
			buildSettings = {
				BUNDLE_LOADER = "$(BUILT_PRODUCTS_DIR)/Geo.app/Geo";
				FRAMEWORK_SEARCH_PATHS = (
					"$(SDKROOT)/Developer/Library/Frameworks",
					"$(inherited)",
					"$(DEVELOPER_FRAMEWORKS_DIR)",
				);
				GCC_PRECOMPILE_PREFIX_HEADER = YES;
				GCC_PREFIX_HEADER = "Geo/Geo-Prefix.pch";
				GCC_PREPROCESSOR_DEFINITIONS = (
					"DEBUG=1",
					"$(inherited)",
				);
				INFOPLIST_FILE = "GeoTests/GeoTests-Info.plist";
				PRODUCT_NAME = "$(TARGET_NAME)";
				TEST_HOST = "$(BUNDLE_LOADER)";
				WRAPPER_EXTENSION = xctest;
			};
			name = Debug;
		};
		FAE36D13197FC775003DFF41 /* Release */ = {
			isa = XCBuildConfiguration;
			buildSettings = {
				BUNDLE_LOADER = "$(BUILT_PRODUCTS_DIR)/Geo.app/Geo";
				FRAMEWORK_SEARCH_PATHS = (
					"$(SDKROOT)/Developer/Library/Frameworks",
					"$(inherited)",
					"$(DEVELOPER_FRAMEWORKS_DIR)",
				);
				GCC_PRECOMPILE_PREFIX_HEADER = YES;
				GCC_PREFIX_HEADER = "Geo/Geo-Prefix.pch";
				INFOPLIST_FILE = "GeoTests/GeoTests-Info.plist";
				PRODUCT_NAME = "$(TARGET_NAME)";
				TEST_HOST = "$(BUNDLE_LOADER)";
				WRAPPER_EXTENSION = xctest;
			};
			name = Release;
		};
/* End XCBuildConfiguration section */

/* Begin XCConfigurationList section */
		FAE36CD4197FC775003DFF41 /* Build configuration list for PBXProject "Geo" */ = {
			isa = XCConfigurationList;
			buildConfigurations = (
				FAE36D0C197FC775003DFF41 /* Debug */,
				FAE36D0D197FC775003DFF41 /* Release */,
			);
			defaultConfigurationIsVisible = 0;
			defaultConfigurationName = Release;
		};
		FAE36D0E197FC775003DFF41 /* Build configuration list for PBXNativeTarget "Geo" */ = {
			isa = XCConfigurationList;
			buildConfigurations = (
				FAE36D0F197FC775003DFF41 /* Debug */,
				FAE36D10197FC775003DFF41 /* Release */,
			);
			defaultConfigurationIsVisible = 0;
		};
		FAE36D11197FC775003DFF41 /* Build configuration list for PBXNativeTarget "GeoTests" */ = {
			isa = XCConfigurationList;
			buildConfigurations = (
				FAE36D12197FC775003DFF41 /* Debug */,
				FAE36D13197FC775003DFF41 /* Release */,
			);
			defaultConfigurationIsVisible = 0;
		};
/* End XCConfigurationList section */
	};
	rootObject = FAE36CD1197FC775003DFF41 /* Project object */;
}
