// !$*UTF8*$!
{
	archiveVersion = 1;
	classes = {
	};
	objectVersion = 46;
	objects = {

/* Begin PBXBuildFile section */
		DABDD991B61549369CA2496D /* libPods.a in Frameworks */ = {isa = PBXBuildFile; fileRef = A445EE6BD027451285B9B7EB /* libPods.a */; };
		FADE0F4D197FC9F40044EEF8 /* Main.storyboard in Resources */ = {isa = PBXBuildFile; fileRef = FADE0F4C197FC9F40044EEF8 /* Main.storyboard */; };
		FAE36CDD197FC775003DFF41 /* Foundation.framework in Frameworks */ = {isa = PBXBuildFile; fileRef = FAE36CDC197FC775003DFF41 /* Foundation.framework */; };
		FAE36CDF197FC775003DFF41 /* CoreGraphics.framework in Frameworks */ = {isa = PBXBuildFile; fileRef = FAE36CDE197FC775003DFF41 /* CoreGraphics.framework */; };
		FAE36CE1197FC775003DFF41 /* UIKit.framework in Frameworks */ = {isa = PBXBuildFile; fileRef = FAE36CE0197FC775003DFF41 /* UIKit.framework */; };
		FAE36CE7197FC775003DFF41 /* InfoPlist.strings in Resources */ = {isa = PBXBuildFile; fileRef = FAE36CE5197FC775003DFF41 /* InfoPlist.strings */; };
		FAE36CE9197FC775003DFF41 /* main.m in Sources */ = {isa = PBXBuildFile; fileRef = FAE36CE8197FC775003DFF41 /* main.m */; };
		FAE36CF8197FC775003DFF41 /* Images.xcassets in Resources */ = {isa = PBXBuildFile; fileRef = FAE36CF7197FC775003DFF41 /* Images.xcassets */; };
		FAE36D20197FC7F3003DFF41 /* GEOAppDelegate.m in Sources */ = {isa = PBXBuildFile; fileRef = FAE36D15197FC7F3003DFF41 /* GEOAppDelegate.m */; };
		FAE36D21197FC7F3003DFF41 /* GEOItem.m in Sources */ = {isa = PBXBuildFile; fileRef = FAE36D17197FC7F3003DFF41 /* GEOItem.m */; };
		FAE36D22197FC7F3003DFF41 /* GEOAnnotation.m in Sources */ = {isa = PBXBuildFile; fileRef = FAE36D19197FC7F3003DFF41 /* GEOAnnotation.m */; };
		FAE36D23197FC7F3003DFF41 /* GEOItemViewController.m in Sources */ = {isa = PBXBuildFile; fileRef = FAE36D1B197FC7F3003DFF41 /* GEOItemViewController.m */; };
		FAE36D24197FC7F3003DFF41 /* GEOLocation.m in Sources */ = {isa = PBXBuildFile; fileRef = FAE36D1D197FC7F3003DFF41 /* GEOLocation.m */; };
		FAE36D25197FC7F3003DFF41 /* GEORootViewController.m in Sources */ = {isa = PBXBuildFile; fileRef = FAE36D1F197FC7F3003DFF41 /* GEORootViewController.m */; };
/* End PBXBuildFile section */

/* Begin PBXFileReference section */
		A445EE6BD027451285B9B7EB /* libPods.a */ = {isa = PBXFileReference; explicitFileType = archive.ar; includeInIndex = 0; path = libPods.a; sourceTree = BUILT_PRODUCTS_DIR; };
		F644ADE8E87447E194EDECF6 /* Pods.xcconfig */ = {isa = PBXFileReference; includeInIndex = 1; lastKnownFileType = text.xcconfig; name = Pods.xcconfig; path = Pods/Pods.xcconfig; sourceTree = "<group>"; };
		FADE0F4C197FC9F40044EEF8 /* Main.storyboard */ = {isa = PBXFileReference; fileEncoding = 4; lastKnownFileType = file.storyboard; path = Main.storyboard; sourceTree = "<group>"; };
		FAE36CD9197FC775003DFF41 /* Geo.app */ = {isa = PBXFileReference; explicitFileType = wrapper.application; includeInIndex = 0; path = Geo.app; sourceTree = BUILT_PRODUCTS_DIR; };
		FAE36CDC197FC775003DFF41 /* Foundation.framework */ = {isa = PBXFileReference; lastKnownFileType = wrapper.framework; name = Foundation.framework; path = System/Library/Frameworks/Foundation.framework; sourceTree = SDKROOT; };
		FAE36CDE197FC775003DFF41 /* CoreGraphics.framework */ = {isa = PBXFileReference; lastKnownFileType = wrapper.framework; name = CoreGraphics.framework; path = System/Library/Frameworks/CoreGraphics.framework; sourceTree = SDKROOT; };
		FAE36CE0197FC775003DFF41 /* UIKit.framework */ = {isa = PBXFileReference; lastKnownFileType = wrapper.framework; name = UIKit.framework; path = System/Library/Frameworks/UIKit.framework; sourceTree = SDKROOT; };
		FAE36CE4197FC775003DFF41 /* Geo-Info.plist */ = {isa = PBXFileReference; lastKnownFileType = text.plist.xml; path = "Geo-Info.plist"; sourceTree = "<group>"; };
		FAE36CE6197FC775003DFF41 /* en */ = {isa = PBXFileReference; lastKnownFileType = text.plist.strings; name = en; path = en.lproj/InfoPlist.strings; sourceTree = "<group>"; };
		FAE36CE8197FC775003DFF41 /* main.m */ = {isa = PBXFileReference; lastKnownFileType = sourcecode.c.objc; path = main.m; sourceTree = "<group>"; };
		FAE36CEA197FC775003DFF41 /* Geo-Prefix.pch */ = {isa = PBXFileReference; lastKnownFileType = sourcecode.c.h; path = "Geo-Prefix.pch"; sourceTree = "<group>"; };
		FAE36CF7197FC775003DFF41 /* Images.xcassets */ = {isa = PBXFileReference; lastKnownFileType = folder.assetcatalog; path = Images.xcassets; sourceTree = "<group>"; };
		FAE36CFE197FC775003DFF41 /* XCTest.framework */ = {isa = PBXFileReference; lastKnownFileType = wrapper.framework; name = XCTest.framework; path = Library/Frameworks/XCTest.framework; sourceTree = DEVELOPER_DIR; };
		FAE36D14197FC7F3003DFF41 /* GEOAppDelegate.h */ = {isa = PBXFileReference; fileEncoding = 4; lastKnownFileType = sourcecode.c.h; path = GEOAppDelegate.h; sourceTree = "<group>"; };
		FAE36D15197FC7F3003DFF41 /* GEOAppDelegate.m */ = {isa = PBXFileReference; fileEncoding = 4; lastKnownFileType = sourcecode.c.objc; path = GEOAppDelegate.m; sourceTree = "<group>"; };
		FAE36D16197FC7F3003DFF41 /* GEOItem.h */ = {isa = PBXFileReference; fileEncoding = 4; lastKnownFileType = sourcecode.c.h; path = GEOItem.h; sourceTree = "<group>"; };
		FAE36D17197FC7F3003DFF41 /* GEOItem.m */ = {isa = PBXFileReference; fileEncoding = 4; lastKnownFileType = sourcecode.c.objc; path = GEOItem.m; sourceTree = "<group>"; };
		FAE36D18197FC7F3003DFF41 /* GEOAnnotation.h */ = {isa = PBXFileReference; fileEncoding = 4; lastKnownFileType = sourcecode.c.h; path = GEOAnnotation.h; sourceTree = "<group>"; };
		FAE36D19197FC7F3003DFF41 /* GEOAnnotation.m */ = {isa = PBXFileReference; fileEncoding = 4; lastKnownFileType = sourcecode.c.objc; path = GEOAnnotation.m; sourceTree = "<group>"; };
		FAE36D1A197FC7F3003DFF41 /* GEOItemViewController.h */ = {isa = PBXFileReference; fileEncoding = 4; lastKnownFileType = sourcecode.c.h; path = GEOItemViewController.h; sourceTree = "<group>"; };
		FAE36D1B197FC7F3003DFF41 /* GEOItemViewController.m */ = {isa = PBXFileReference; fileEncoding = 4; lastKnownFileType = sourcecode.c.objc; path = GEOItemViewController.m; sourceTree = "<group>"; };
		FAE36D1C197FC7F3003DFF41 /* GEOLocation.h */ = {isa = PBXFileReference; fileEncoding = 4; lastKnownFileType = sourcecode.c.h; path = GEOLocation.h; sourceTree = "<group>"; };
		FAE36D1D197FC7F3003DFF41 /* GEOLocation.m */ = {isa = PBXFileReference; fileEncoding = 4; lastKnownFileType = sourcecode.c.objc; path = GEOLocation.m; sourceTree = "<group>"; };
		FAE36D1E197FC7F3003DFF41 /* GEORootViewController.h */ = {isa = PBXFileReference; fileEncoding = 4; lastKnownFileType = sourcecode.c.h; path = GEORootViewController.h; sourceTree = "<group>"; };
		FAE36D1F197FC7F3003DFF41 /* GEORootViewController.m */ = {isa = PBXFileReference; fileEncoding = 4; lastKnownFileType = sourcecode.c.objc; path = GEORootViewController.m; sourceTree = "<group>"; };
/* End PBXFileReference section */

/* Begin PBXFrameworksBuildPhase section */
		FAE36CD6197FC775003DFF41 /* Frameworks */ = {
			isa = PBXFrameworksBuildPhase;
			buildActionMask = 2147483647;
			files = (
				FAE36CDF197FC775003DFF41 /* CoreGraphics.framework in Frameworks */,
				FAE36CE1197FC775003DFF41 /* UIKit.framework in Frameworks */,
				FAE36CDD197FC775003DFF41 /* Foundation.framework in Frameworks */,
				DABDD991B61549369CA2496D /* libPods.a in Frameworks */,
			);
			runOnlyForDeploymentPostprocessing = 0;
		};
/* End PBXFrameworksBuildPhase section */

/* Begin PBXGroup section */
		FADE0F4E197FCA0D0044EEF8 /* View */ = {
			isa = PBXGroup;
			children = (
				FADE0F4C197FC9F40044EEF8 /* Main.storyboard */,
			);
			name = View;
			sourceTree = "<group>";
		};
		FADE0F4F197FCE180044EEF8 /* Controller */ = {
			isa = PBXGroup;
			children = (
				FAE36D1A197FC7F3003DFF41 /* GEOItemViewController.h */,
				FAE36D1B197FC7F3003DFF41 /* GEOItemViewController.m */,
				FAE36D1E197FC7F3003DFF41 /* GEORootViewController.h */,
				FAE36D1F197FC7F3003DFF41 /* GEORootViewController.m */,
			);
			name = Controller;
			sourceTree = "<group>";
		};
		FAE36CD0197FC775003DFF41 = {
			isa = PBXGroup;
			children = (
				FAE36CE2197FC775003DFF41 /* Geo */,
				FAE36CDB197FC775003DFF41 /* Frameworks */,
				FAE36CDA197FC775003DFF41 /* Products */,
				F644ADE8E87447E194EDECF6 /* Pods.xcconfig */,
			);
			sourceTree = "<group>";
		};
		FAE36CDA197FC775003DFF41 /* Products */ = {
			isa = PBXGroup;
			children = (
				FAE36CD9197FC775003DFF41 /* Geo.app */,
			);
			name = Products;
			sourceTree = "<group>";
		};
		FAE36CDB197FC775003DFF41 /* Frameworks */ = {
			isa = PBXGroup;
			children = (
				FAE36CDC197FC775003DFF41 /* Foundation.framework */,
				FAE36CDE197FC775003DFF41 /* CoreGraphics.framework */,
				FAE36CE0197FC775003DFF41 /* UIKit.framework */,
				FAE36CFE197FC775003DFF41 /* XCTest.framework */,
				A445EE6BD027451285B9B7EB /* libPods.a */,
			);
			name = Frameworks;
			sourceTree = "<group>";
		};
		FAE36CE2197FC775003DFF41 /* Geo */ = {
			isa = PBXGroup;
			children = (
				FAE36D14197FC7F3003DFF41 /* GEOAppDelegate.h */,
				FAE36D15197FC7F3003DFF41 /* GEOAppDelegate.m */,
				FADE0F4E197FCA0D0044EEF8 /* View */,
				FAE36D26197FC82F003DFF41 /* Model */,
				FADE0F4F197FCE180044EEF8 /* Controller */,
				FAE36CF7197FC775003DFF41 /* Images.xcassets */,
				FAE36CE3197FC775003DFF41 /* Supporting Files */,
			);
			path = Geo;
			sourceTree = "<group>";
		};
		FAE36CE3197FC775003DFF41 /* Supporting Files */ = {
			isa = PBXGroup;
			children = (
				FAE36CE4197FC775003DFF41 /* Geo-Info.plist */,
				FAE36CE5197FC775003DFF41 /* InfoPlist.strings */,
				FAE36CE8197FC775003DFF41 /* main.m */,
				FAE36CEA197FC775003DFF41 /* Geo-Prefix.pch */,
			);
			name = "Supporting Files";
			sourceTree = "<group>";
		};
		FAE36D26197FC82F003DFF41 /* Model */ = {
			isa = PBXGroup;
			children = (
				FAE36D16197FC7F3003DFF41 /* GEOItem.h */,
				FAE36D17197FC7F3003DFF41 /* GEOItem.m */,
				FAE36D18197FC7F3003DFF41 /* GEOAnnotation.h */,
				FAE36D19197FC7F3003DFF41 /* GEOAnnotation.m */,
				FAE36D1C197FC7F3003DFF41 /* GEOLocation.h */,
				FAE36D1D197FC7F3003DFF41 /* GEOLocation.m */,
			);
			name = Model;
			sourceTree = "<group>";
		};
/* End PBXGroup section */

/* Begin PBXNativeTarget section */
		FAE36CD8197FC775003DFF41 /* Geo */ = {
			isa = PBXNativeTarget;
			buildConfigurationList = FAE36D0E197FC775003DFF41 /* Build configuration list for PBXNativeTarget "Geo" */;
			buildPhases = (
				98C8399B0F8A414EA17F2ACA /* Check Pods Manifest.lock */,
				FAE36CD5197FC775003DFF41 /* Sources */,
				FAE36CD6197FC775003DFF41 /* Frameworks */,
				FAE36CD7197FC775003DFF41 /* Resources */,
				53B39D6D1A3E46728900F456 /* Copy Pods Resources */,
			);
			buildRules = (
			);
			dependencies = (
			);
			name = Geo;
			productName = Geo;
			productReference = FAE36CD9197FC775003DFF41 /* Geo.app */;
			productType = "com.apple.product-type.application";
		};
/* End PBXNativeTarget section */

/* Begin PBXProject section */
		FAE36CD1197FC775003DFF41 /* Project object */ = {
			isa = PBXProject;
			attributes = {
				CLASSPREFIX = GEO;
				LastUpgradeCheck = 0510;
				ORGANIZATIONNAME = glesiak;
			};
			buildConfigurationList = FAE36CD4197FC775003DFF41 /* Build configuration list for PBXProject "Geo" */;
			compatibilityVersion = "Xcode 3.2";
			developmentRegion = English;
			hasScannedForEncodings = 0;
			knownRegions = (
				en,
				Base,
			);
			mainGroup = FAE36CD0197FC775003DFF41;
			productRefGroup = FAE36CDA197FC775003DFF41 /* Products */;
			projectDirPath = "";
			projectRoot = "";
			targets = (
				FAE36CD8197FC775003DFF41 /* Geo */,
			);
		};
/* End PBXProject section */

/* Begin PBXResourcesBuildPhase section */
		FAE36CD7197FC775003DFF41 /* Resources */ = {
			isa = PBXResourcesBuildPhase;
			buildActionMask = 2147483647;
			files = (
				FADE0F4D197FC9F40044EEF8 /* Main.storyboard in Resources */,
				FAE36CF8197FC775003DFF41 /* Images.xcassets in Resources */,
				FAE36CE7197FC775003DFF41 /* InfoPlist.strings in Resources */,
			);
			runOnlyForDeploymentPostprocessing = 0;
		};
/* End PBXResourcesBuildPhase section */

/* Begin PBXShellScriptBuildPhase section */
		53B39D6D1A3E46728900F456 /* Copy Pods Resources */ = {
			isa = PBXShellScriptBuildPhase;
			buildActionMask = 2147483647;
			files = (
			);
			inputPaths = (
			);
			name = "Copy Pods Resources";
			outputPaths = (
			);
			runOnlyForDeploymentPostprocessing = 0;
			shellPath = /bin/sh;
			shellScript = "\"${SRCROOT}/Pods/Pods-resources.sh\"\n";
			showEnvVarsInLog = 0;
		};
		98C8399B0F8A414EA17F2ACA /* Check Pods Manifest.lock */ = {
			isa = PBXShellScriptBuildPhase;
			buildActionMask = 2147483647;
			files = (
			);
			inputPaths = (
			);
			name = "Check Pods Manifest.lock";
			outputPaths = (
			);
			runOnlyForDeploymentPostprocessing = 0;
			shellPath = /bin/sh;
			shellScript = "diff \"${PODS_ROOT}/../Podfile.lock\" \"${PODS_ROOT}/Manifest.lock\" > /dev/null\nif [[ $? != 0 ]] ; then\n    cat << EOM\nerror: The sandbox is not in sync with the Podfile.lock. Run 'pod install' or update your CocoaPods installation.\nEOM\n    exit 1\nfi\n";
			showEnvVarsInLog = 0;
		};
/* End PBXShellScriptBuildPhase section */

/* Begin PBXSourcesBuildPhase section */
		FAE36CD5197FC775003DFF41 /* Sources */ = {
			isa = PBXSourcesBuildPhase;
			buildActionMask = 2147483647;
			files = (
				FAE36D24197FC7F3003DFF41 /* GEOLocation.m in Sources */,
				FAE36D21197FC7F3003DFF41 /* GEOItem.m in Sources */,
				FAE36D25197FC7F3003DFF41 /* GEORootViewController.m in Sources */,
				FAE36D20197FC7F3003DFF41 /* GEOAppDelegate.m in Sources */,
				FAE36CE9197FC775003DFF41 /* main.m in Sources */,
				FAE36D23197FC7F3003DFF41 /* GEOItemViewController.m in Sources */,
				FAE36D22197FC7F3003DFF41 /* GEOAnnotation.m in Sources */,
			);
			runOnlyForDeploymentPostprocessing = 0;
		};
/* End PBXSourcesBuildPhase section */

/* Begin PBXVariantGroup section */
		FAE36CE5197FC775003DFF41 /* InfoPlist.strings */ = {
			isa = PBXVariantGroup;
			children = (
				FAE36CE6197FC775003DFF41 /* en */,
			);
			name = InfoPlist.strings;
			sourceTree = "<group>";
		};
/* End PBXVariantGroup section */

/* Begin XCBuildConfiguration section */
		FAE36D0C197FC775003DFF41 /* Debug */ = {
			isa = XCBuildConfiguration;
			buildSettings = {
				ALWAYS_SEARCH_USER_PATHS = NO;
				CLANG_CXX_LANGUAGE_STANDARD = "gnu++0x";
				CLANG_CXX_LIBRARY = "libc++";
				CLANG_ENABLE_MODULES = YES;
				CLANG_ENABLE_OBJC_ARC = YES;
				CLANG_WARN_BOOL_CONVERSION = YES;
				CLANG_WARN_CONSTANT_CONVERSION = YES;
				CLANG_WARN_DIRECT_OBJC_ISA_USAGE = YES_ERROR;
				CLANG_WARN_EMPTY_BODY = YES;
				CLANG_WARN_ENUM_CONVERSION = YES;
				CLANG_WARN_INT_CONVERSION = YES;
				CLANG_WARN_OBJC_ROOT_CLASS = YES_ERROR;
				CLANG_WARN__DUPLICATE_METHOD_MATCH = YES;
				"CODE_SIGN_IDENTITY[sdk=iphoneos*]" = "iPhone Developer";
				COPY_PHASE_STRIP = NO;
				GCC_C_LANGUAGE_STANDARD = gnu99;
				GCC_DYNAMIC_NO_PIC = NO;
				GCC_OPTIMIZATION_LEVEL = 0;
				GCC_PREPROCESSOR_DEFINITIONS = (
					"DEBUG=1",
					"$(inherited)",
				);
				GCC_SYMBOLS_PRIVATE_EXTERN = NO;
				GCC_WARN_64_TO_32_BIT_CONVERSION = YES;
				GCC_WARN_ABOUT_RETURN_TYPE = YES_ERROR;
				GCC_WARN_UNDECLARED_SELECTOR = YES;
				GCC_WARN_UNINITIALIZED_AUTOS = YES_AGGRESSIVE;
				GCC_WARN_UNUSED_FUNCTION = YES;
				GCC_WARN_UNUSED_VARIABLE = YES;
				IPHONEOS_DEPLOYMENT_TARGET = 7.1;
				ONLY_ACTIVE_ARCH = YES;
				SDKROOT = iphoneos;
				TARGETED_DEVICE_FAMILY = "1,2";
			};
			name = Debug;
		};
		FAE36D0D197FC775003DFF41 /* Release */ = {
			isa = XCBuildConfiguration;
			buildSettings = {
				ALWAYS_SEARCH_USER_PATHS = NO;
				CLANG_CXX_LANGUAGE_STANDARD = "gnu++0x";
				CLANG_CXX_LIBRARY = "libc++";
				CLANG_ENABLE_MODULES = YES;
				CLANG_ENABLE_OBJC_ARC = YES;
				CLANG_WARN_BOOL_CONVERSION = YES;
				CLANG_WARN_CONSTANT_CONVERSION = YES;
				CLANG_WARN_DIRECT_OBJC_ISA_USAGE = YES_ERROR;
				CLANG_WARN_EMPTY_BODY = YES;
				CLANG_WARN_ENUM_CONVERSION = YES;
				CLANG_WARN_INT_CONVERSION = YES;
				CLANG_WARN_OBJC_ROOT_CLASS = YES_ERROR;
				CLANG_WARN__DUPLICATE_METHOD_MATCH = YES;
				"CODE_SIGN_IDENTITY[sdk=iphoneos*]" = "iPhone Developer";
				COPY_PHASE_STRIP = YES;
				ENABLE_NS_ASSERTIONS = NO;
				GCC_C_LANGUAGE_STANDARD = gnu99;
				GCC_WARN_64_TO_32_BIT_CONVERSION = YES;
				GCC_WARN_ABOUT_RETURN_TYPE = YES_ERROR;
				GCC_WARN_UNDECLARED_SELECTOR = YES;
				GCC_WARN_UNINITIALIZED_AUTOS = YES_AGGRESSIVE;
				GCC_WARN_UNUSED_FUNCTION = YES;
				GCC_WARN_UNUSED_VARIABLE = YES;
				IPHONEOS_DEPLOYMENT_TARGET = 7.1;
				SDKROOT = iphoneos;
				TARGETED_DEVICE_FAMILY = "1,2";
				VALIDATE_PRODUCT = YES;
			};
			name = Release;
		};
		FAE36D0F197FC775003DFF41 /* Debug */ = {
			isa = XCBuildConfiguration;
			baseConfigurationReference = F644ADE8E87447E194EDECF6 /* Pods.xcconfig */;
			buildSettings = {
				ASSETCATALOG_COMPILER_APPICON_NAME = AppIcon;
				ASSETCATALOG_COMPILER_LAUNCHIMAGE_NAME = LaunchImage;
				GCC_PRECOMPILE_PREFIX_HEADER = YES;
				GCC_PREFIX_HEADER = "Geo/Geo-Prefix.pch";
				INFOPLIST_FILE = "Geo/Geo-Info.plist";
				PRODUCT_NAME = "$(TARGET_NAME)";
				WRAPPER_EXTENSION = app;
			};
			name = Debug;
		};
		FAE36D10197FC775003DFF41 /* Release */ = {
			isa = XCBuildConfiguration;
			baseConfigurationReference = F644ADE8E87447E194EDECF6 /* Pods.xcconfig */;
			buildSettings = {
				ASSETCATALOG_COMPILER_APPICON_NAME = AppIcon;
				ASSETCATALOG_COMPILER_LAUNCHIMAGE_NAME = LaunchImage;
				GCC_PRECOMPILE_PREFIX_HEADER = YES;
				GCC_PREFIX_HEADER = "Geo/Geo-Prefix.pch";
				INFOPLIST_FILE = "Geo/Geo-Info.plist";
				PRODUCT_NAME = "$(TARGET_NAME)";
				WRAPPER_EXTENSION = app;
			};
			name = Release;
		};
/* End XCBuildConfiguration section */

/* Begin XCConfigurationList section */
		FAE36CD4197FC775003DFF41 /* Build configuration list for PBXProject "Geo" */ = {
			isa = XCConfigurationList;
			buildConfigurations = (
				FAE36D0C197FC775003DFF41 /* Debug */,
				FAE36D0D197FC775003DFF41 /* Release */,
			);
			defaultConfigurationIsVisible = 0;
			defaultConfigurationName = Release;
		};
		FAE36D0E197FC775003DFF41 /* Build configuration list for PBXNativeTarget "Geo" */ = {
			isa = XCConfigurationList;
			buildConfigurations = (
				FAE36D0F197FC775003DFF41 /* Debug */,
				FAE36D10197FC775003DFF41 /* Release */,
			);
			defaultConfigurationIsVisible = 0;
			defaultConfigurationName = Release;
		};
/* End XCConfigurationList section */
	};
	rootObject = FAE36CD1197FC775003DFF41 /* Project object */;
}
